// !$*UTF8*$!
{
	archiveVersion = 1;
	classes = {
	};
	objectVersion = 46;
	objects = {

/* Begin PBXBuildFile section */
		BB0FA6521999268600AD7C00 /* White space.jpg in Resources */ = {isa = PBXBuildFile; fileRef = BB0FA6511999268600AD7C00 /* White space.jpg */; };
		BB389D8B198941CF00B92D70 /* DACircularProgressView.m in Sources */ = {isa = PBXBuildFile; fileRef = BB389D88198941CF00B92D70 /* DACircularProgressView.m */; };
		BB389D8C198941CF00B92D70 /* DALabeledCircularProgressView.m in Sources */ = {isa = PBXBuildFile; fileRef = BB389D8A198941CF00B92D70 /* DALabeledCircularProgressView.m */; };
		BB3DF8871992EB8D00DB688A /* AudioToolbox.framework in Frameworks */ = {isa = PBXBuildFile; fileRef = BB3DF8861992EB8D00DB688A /* AudioToolbox.framework */; };
		BB9E5674198D5B1100B31E12 /* Bell.wav in Resources */ = {isa = PBXBuildFile; fileRef = BB9E5673198D5B1100B31E12 /* Bell.wav */; };
		BB9E5676198D5B9D00B31E12 /* AVFoundation.framework in Frameworks */ = {isa = PBXBuildFile; fileRef = BB9E5675198D5B9D00B31E12 /* AVFoundation.framework */; };
		BBC363EB198701C60054AA3F /* Brandon_reg_it.otf in Resources */ = {isa = PBXBuildFile; fileRef = BBC363EA198701C60054AA3F /* Brandon_reg_it.otf */; };
		BBC92D01198AD72100B4A4F0 /* AlertsViewController.swift in Sources */ = {isa = PBXBuildFile; fileRef = BBC92D00198AD72100B4A4F0 /* AlertsViewController.swift */; };
		BBD740521996A312006CF8F0 /* begin@2x.png in Resources */ = {isa = PBXBuildFile; fileRef = BBD740511996A312006CF8F0 /* begin@2x.png */; };
		BBD740541996D83B006CF8F0 /* Quote.swift in Sources */ = {isa = PBXBuildFile; fileRef = BBD740531996D83B006CF8F0 /* Quote.swift */; };
		BBD740561996E5A1006CF8F0 /* Play@2x.png in Resources */ = {isa = PBXBuildFile; fileRef = BBD740551996E5A1006CF8F0 /* Play@2x.png */; };
		BBE2B55F19845C8000827C43 /* AppDelegate.swift in Sources */ = {isa = PBXBuildFile; fileRef = BBE2B55E19845C8000827C43 /* AppDelegate.swift */; };
		BBE2B56119845C8000827C43 /* ViewController.swift in Sources */ = {isa = PBXBuildFile; fileRef = BBE2B56019845C8000827C43 /* ViewController.swift */; };
		BBE2B56419845C8000827C43 /* Main.storyboard in Resources */ = {isa = PBXBuildFile; fileRef = BBE2B56219845C8000827C43 /* Main.storyboard */; };
		BBE2B56619845C8000827C43 /* Images.xcassets in Resources */ = {isa = PBXBuildFile; fileRef = BBE2B56519845C8000827C43 /* Images.xcassets */; };
		BBE2B57219845C8100827C43 /* MeditationTimerTests.swift in Sources */ = {isa = PBXBuildFile; fileRef = BBE2B57119845C8100827C43 /* MeditationTimerTests.swift */; };
		BBFCB40C1986FE1A002BD8EA /* Brandon_reg.otf in Resources */ = {isa = PBXBuildFile; fileRef = BBFCB40B1986FE1A002BD8EA /* Brandon_reg.otf */; };
/* End PBXBuildFile section */

/* Begin PBXContainerItemProxy section */
		BBE2B56C19845C8100827C43 /* PBXContainerItemProxy */ = {
			isa = PBXContainerItemProxy;
			containerPortal = BBE2B55119845C8000827C43 /* Project object */;
			proxyType = 1;
			remoteGlobalIDString = BBE2B55819845C8000827C43;
			remoteInfo = MeditationTimer;
		};
/* End PBXContainerItemProxy section */

/* Begin PBXFileReference section */
		BB0FA6511999268600AD7C00 /* White space.jpg */ = {isa = PBXFileReference; lastKnownFileType = image.jpeg; path = "White space.jpg"; sourceTree = "<group>"; };
		BB389D86198941CF00B92D70 /* MeditationTimer-Bridging-Header.h */ = {isa = PBXFileReference; lastKnownFileType = sourcecode.c.h; path = "MeditationTimer-Bridging-Header.h"; sourceTree = "<group>"; };
		BB389D87198941CF00B92D70 /* DACircularProgressView.h */ = {isa = PBXFileReference; fileEncoding = 4; lastKnownFileType = sourcecode.c.h; path = DACircularProgressView.h; sourceTree = "<group>"; };
		BB389D88198941CF00B92D70 /* DACircularProgressView.m */ = {isa = PBXFileReference; fileEncoding = 4; lastKnownFileType = sourcecode.c.objc; path = DACircularProgressView.m; sourceTree = "<group>"; };
		BB389D89198941CF00B92D70 /* DALabeledCircularProgressView.h */ = {isa = PBXFileReference; fileEncoding = 4; lastKnownFileType = sourcecode.c.h; path = DALabeledCircularProgressView.h; sourceTree = "<group>"; };
		BB389D8A198941CF00B92D70 /* DALabeledCircularProgressView.m */ = {isa = PBXFileReference; fileEncoding = 4; lastKnownFileType = sourcecode.c.objc; path = DALabeledCircularProgressView.m; sourceTree = "<group>"; };
		BB3DF8861992EB8D00DB688A /* AudioToolbox.framework */ = {isa = PBXFileReference; lastKnownFileType = wrapper.framework; name = AudioToolbox.framework; path = System/Library/Frameworks/AudioToolbox.framework; sourceTree = SDKROOT; };
		BB9E5673198D5B1100B31E12 /* Bell.wav */ = {isa = PBXFileReference; lastKnownFileType = audio.wav; path = Bell.wav; sourceTree = "<group>"; };
		BB9E5675198D5B9D00B31E12 /* AVFoundation.framework */ = {isa = PBXFileReference; lastKnownFileType = wrapper.framework; name = AVFoundation.framework; path = System/Library/Frameworks/AVFoundation.framework; sourceTree = SDKROOT; };
		BBC363EA198701C60054AA3F /* Brandon_reg_it.otf */ = {isa = PBXFileReference; lastKnownFileType = file; name = Brandon_reg_it.otf; path = ../../../../../Downloads/Brandon_reg_it.otf; sourceTree = "<group>"; };
		BBC92D00198AD72100B4A4F0 /* AlertsViewController.swift */ = {isa = PBXFileReference; fileEncoding = 4; lastKnownFileType = sourcecode.swift; path = AlertsViewController.swift; sourceTree = "<group>"; };
		BBD740511996A312006CF8F0 /* begin@2x.png */ = {isa = PBXFileReference; lastKnownFileType = image.png; name = "begin@2x.png"; path = "../../../../../Desktop/begin@2x.png"; sourceTree = "<group>"; };
		BBD740531996D83B006CF8F0 /* Quote.swift */ = {isa = PBXFileReference; fileEncoding = 4; lastKnownFileType = sourcecode.swift; path = Quote.swift; sourceTree = "<group>"; };
		BBD740551996E5A1006CF8F0 /* Play@2x.png */ = {isa = PBXFileReference; lastKnownFileType = image.png; name = "Play@2x.png"; path = "../../../../../Desktop/Play@2x.png"; sourceTree = "<group>"; };
		BBE2B55919845C8000827C43 /* Zazn.app */ = {isa = PBXFileReference; explicitFileType = wrapper.application; includeInIndex = 0; path = Zazn.app; sourceTree = BUILT_PRODUCTS_DIR; };
		BBE2B55D19845C8000827C43 /* Info.plist */ = {isa = PBXFileReference; lastKnownFileType = text.plist.xml; path = Info.plist; sourceTree = "<group>"; };
		BBE2B55E19845C8000827C43 /* AppDelegate.swift */ = {isa = PBXFileReference; lastKnownFileType = sourcecode.swift; path = AppDelegate.swift; sourceTree = "<group>"; };
		BBE2B56019845C8000827C43 /* ViewController.swift */ = {isa = PBXFileReference; lastKnownFileType = sourcecode.swift; path = ViewController.swift; sourceTree = "<group>"; };
		BBE2B56319845C8000827C43 /* Base */ = {isa = PBXFileReference; lastKnownFileType = file.storyboard; name = Base; path = Base.lproj/Main.storyboard; sourceTree = "<group>"; };
		BBE2B56519845C8000827C43 /* Images.xcassets */ = {isa = PBXFileReference; lastKnownFileType = folder.assetcatalog; path = Images.xcassets; sourceTree = "<group>"; };
		BBE2B56B19845C8100827C43 /* ZaznTests.xctest */ = {isa = PBXFileReference; explicitFileType = wrapper.cfbundle; includeInIndex = 0; path = ZaznTests.xctest; sourceTree = BUILT_PRODUCTS_DIR; };
		BBE2B57019845C8100827C43 /* Info.plist */ = {isa = PBXFileReference; lastKnownFileType = text.plist.xml; path = Info.plist; sourceTree = "<group>"; };
		BBE2B57119845C8100827C43 /* MeditationTimerTests.swift */ = {isa = PBXFileReference; lastKnownFileType = sourcecode.swift; path = MeditationTimerTests.swift; sourceTree = "<group>"; };
		BBFCB40B1986FE1A002BD8EA /* Brandon_reg.otf */ = {isa = PBXFileReference; lastKnownFileType = file; name = Brandon_reg.otf; path = ../../../../../Downloads/Brandon_reg.otf; sourceTree = "<group>"; };
/* End PBXFileReference section */

/* Begin PBXFrameworksBuildPhase section */
		BBE2B55619845C8000827C43 /* Frameworks */ = {
			isa = PBXFrameworksBuildPhase;
			buildActionMask = 2147483647;
			files = (
				BB3DF8871992EB8D00DB688A /* AudioToolbox.framework in Frameworks */,
				BB9E5676198D5B9D00B31E12 /* AVFoundation.framework in Frameworks */,
			);
			runOnlyForDeploymentPostprocessing = 0;
		};
		BBE2B56819845C8100827C43 /* Frameworks */ = {
			isa = PBXFrameworksBuildPhase;
			buildActionMask = 2147483647;
			files = (
			);
			runOnlyForDeploymentPostprocessing = 0;
		};
/* End PBXFrameworksBuildPhase section */

/* Begin PBXGroup section */
		BB389D85198941BF00B92D70 /* Open Source */ = {
			isa = PBXGroup;
			children = (
				BB389D87198941CF00B92D70 /* DACircularProgressView.h */,
				BB389D88198941CF00B92D70 /* DACircularProgressView.m */,
				BB389D89198941CF00B92D70 /* DALabeledCircularProgressView.h */,
				BB389D8A198941CF00B92D70 /* DALabeledCircularProgressView.m */,
				BB389D86198941CF00B92D70 /* MeditationTimer-Bridging-Header.h */,
			);
			name = "Open Source";
			sourceTree = "<group>";
		};
		BBD740501996A2F6006CF8F0 /* Assets */ = {
			isa = PBXGroup;
			children = (
				BB0FA6511999268600AD7C00 /* White space.jpg */,
				BBD740551996E5A1006CF8F0 /* Play@2x.png */,
				BBD740511996A312006CF8F0 /* begin@2x.png */,
			);
			name = Assets;
			sourceTree = "<group>";
		};
		BBE2B55019845C8000827C43 = {
			isa = PBXGroup;
			children = (
				BBE2B55B19845C8000827C43 /* Zazn */,
				BBE2B56E19845C8100827C43 /* ZaznTests */,
				BBE2B55A19845C8000827C43 /* Products */,
			);
			sourceTree = "<group>";
		};
		BBE2B55A19845C8000827C43 /* Products */ = {
			isa = PBXGroup;
			children = (
				BBE2B55919845C8000827C43 /* Zazn.app */,
				BBE2B56B19845C8100827C43 /* ZaznTests.xctest */,
			);
			name = Products;
			sourceTree = "<group>";
		};
		BBE2B55B19845C8000827C43 /* Zazn */ = {
			isa = PBXGroup;
			children = (
				BBE2B55E19845C8000827C43 /* AppDelegate.swift */,
				BBE2B56019845C8000827C43 /* ViewController.swift */,
				BBE2B56219845C8000827C43 /* Main.storyboard */,
				BBC92D00198AD72100B4A4F0 /* AlertsViewController.swift */,
				BBD740531996D83B006CF8F0 /* Quote.swift */,
				BBE2B56519845C8000827C43 /* Images.xcassets */,
				BB389D85198941BF00B92D70 /* Open Source */,
				BBE2B55C19845C8000827C43 /* Supporting Files */,
				BBD740501996A2F6006CF8F0 /* Assets */,
			);
			name = Zazn;
			path = MeditationTimer;
			sourceTree = "<group>";
		};
		BBE2B55C19845C8000827C43 /* Supporting Files */ = {
			isa = PBXGroup;
			children = (
				BB3DF8861992EB8D00DB688A /* AudioToolbox.framework */,
				BB9E5673198D5B1100B31E12 /* Bell.wav */,
				BB9E5675198D5B9D00B31E12 /* AVFoundation.framework */,
				BBFCB40B1986FE1A002BD8EA /* Brandon_reg.otf */,
				BBC363EA198701C60054AA3F /* Brandon_reg_it.otf */,
				BBE2B55D19845C8000827C43 /* Info.plist */,
			);
			name = "Supporting Files";
			sourceTree = "<group>";
		};
		BBE2B56E19845C8100827C43 /* ZaznTests */ = {
			isa = PBXGroup;
			children = (
				BBE2B57119845C8100827C43 /* MeditationTimerTests.swift */,
				BBE2B56F19845C8100827C43 /* Supporting Files */,
			);
			name = ZaznTests;
			path = MeditationTimerTests;
			sourceTree = "<group>";
		};
		BBE2B56F19845C8100827C43 /* Supporting Files */ = {
			isa = PBXGroup;
			children = (
				BBE2B57019845C8100827C43 /* Info.plist */,
			);
			name = "Supporting Files";
			sourceTree = "<group>";
		};
/* End PBXGroup section */

/* Begin PBXNativeTarget section */
		BBE2B55819845C8000827C43 /* Zazn */ = {
			isa = PBXNativeTarget;
			buildConfigurationList = BBE2B57519845C8100827C43 /* Build configuration list for PBXNativeTarget "Zazn" */;
			buildPhases = (
				BBE2B55519845C8000827C43 /* Sources */,
				BBE2B55619845C8000827C43 /* Frameworks */,
				BBE2B55719845C8000827C43 /* Resources */,
			);
			buildRules = (
			);
			dependencies = (
			);
			name = Zazn;
			productName = MeditationTimer;
			productReference = BBE2B55919845C8000827C43 /* Zazn.app */;
			productType = "com.apple.product-type.application";
		};
		BBE2B56A19845C8100827C43 /* ZaznTests */ = {
			isa = PBXNativeTarget;
			buildConfigurationList = BBE2B57819845C8100827C43 /* Build configuration list for PBXNativeTarget "ZaznTests" */;
			buildPhases = (
				BBE2B56719845C8100827C43 /* Sources */,
				BBE2B56819845C8100827C43 /* Frameworks */,
				BBE2B56919845C8100827C43 /* Resources */,
			);
			buildRules = (
			);
			dependencies = (
				BBE2B56D19845C8100827C43 /* PBXTargetDependency */,
			);
			name = ZaznTests;
			productName = MeditationTimerTests;
			productReference = BBE2B56B19845C8100827C43 /* ZaznTests.xctest */;
			productType = "com.apple.product-type.bundle.unit-test";
		};
/* End PBXNativeTarget section */

/* Begin PBXProject section */
		BBE2B55119845C8000827C43 /* Project object */ = {
			isa = PBXProject;
			attributes = {
				LastUpgradeCheck = 0600;
				ORGANIZATIONNAME = "Matt Bettinson";
				TargetAttributes = {
					BBE2B55819845C8000827C43 = {
						CreatedOnToolsVersion = 6.0;
						DevelopmentTeam = Z8CGBJ42EF;
					};
					BBE2B56A19845C8100827C43 = {
						CreatedOnToolsVersion = 6.0;
						TestTargetID = BBE2B55819845C8000827C43;
					};
				};
			};
			buildConfigurationList = BBE2B55419845C8000827C43 /* Build configuration list for PBXProject "Zazn" */;
			compatibilityVersion = "Xcode 3.2";
			developmentRegion = English;
			hasScannedForEncodings = 0;
			knownRegions = (
				en,
				Base,
			);
			mainGroup = BBE2B55019845C8000827C43;
			productRefGroup = BBE2B55A19845C8000827C43 /* Products */;
			projectDirPath = "";
			projectRoot = "";
			targets = (
				BBE2B55819845C8000827C43 /* Zazn */,
				BBE2B56A19845C8100827C43 /* ZaznTests */,
			);
		};
/* End PBXProject section */

/* Begin PBXResourcesBuildPhase section */
		BBE2B55719845C8000827C43 /* Resources */ = {
			isa = PBXResourcesBuildPhase;
			buildActionMask = 2147483647;
			files = (
				BBE2B56419845C8000827C43 /* Main.storyboard in Resources */,
				BBE2B56619845C8000827C43 /* Images.xcassets in Resources */,
				BBD740561996E5A1006CF8F0 /* Play@2x.png in Resources */,
				BB0FA6521999268600AD7C00 /* White space.jpg in Resources */,
				BBC363EB198701C60054AA3F /* Brandon_reg_it.otf in Resources */,
				BB9E5674198D5B1100B31E12 /* Bell.wav in Resources */,
				BBD740521996A312006CF8F0 /* begin@2x.png in Resources */,
				BBFCB40C1986FE1A002BD8EA /* Brandon_reg.otf in Resources */,
			);
			runOnlyForDeploymentPostprocessing = 0;
		};
		BBE2B56919845C8100827C43 /* Resources */ = {
			isa = PBXResourcesBuildPhase;
			buildActionMask = 2147483647;
			files = (
			);
			runOnlyForDeploymentPostprocessing = 0;
		};
/* End PBXResourcesBuildPhase section */

/* Begin PBXSourcesBuildPhase section */
		BBE2B55519845C8000827C43 /* Sources */ = {
			isa = PBXSourcesBuildPhase;
			buildActionMask = 2147483647;
			files = (
				BBE2B56119845C8000827C43 /* ViewController.swift in Sources */,
				BB389D8C198941CF00B92D70 /* DALabeledCircularProgressView.m in Sources */,
				BBC92D01198AD72100B4A4F0 /* AlertsViewController.swift in Sources */,
				BB389D8B198941CF00B92D70 /* DACircularProgressView.m in Sources */,
				BBD740541996D83B006CF8F0 /* Quote.swift in Sources */,
				BBE2B55F19845C8000827C43 /* AppDelegate.swift in Sources */,
			);
			runOnlyForDeploymentPostprocessing = 0;
		};
		BBE2B56719845C8100827C43 /* Sources */ = {
			isa = PBXSourcesBuildPhase;
			buildActionMask = 2147483647;
			files = (
				BBE2B57219845C8100827C43 /* MeditationTimerTests.swift in Sources */,
			);
			runOnlyForDeploymentPostprocessing = 0;
		};
/* End PBXSourcesBuildPhase section */

/* Begin PBXTargetDependency section */
		BBE2B56D19845C8100827C43 /* PBXTargetDependency */ = {
			isa = PBXTargetDependency;
			target = BBE2B55819845C8000827C43 /* Zazn */;
			targetProxy = BBE2B56C19845C8100827C43 /* PBXContainerItemProxy */;
		};
/* End PBXTargetDependency section */

/* Begin PBXVariantGroup section */
		BBE2B56219845C8000827C43 /* Main.storyboard */ = {
			isa = PBXVariantGroup;
			children = (
				BBE2B56319845C8000827C43 /* Base */,
			);
			name = Main.storyboard;
			sourceTree = "<group>";
		};
/* End PBXVariantGroup section */

/* Begin XCBuildConfiguration section */
		BBE2B57319845C8100827C43 /* Debug */ = {
			isa = XCBuildConfiguration;
			buildSettings = {
				ALWAYS_SEARCH_USER_PATHS = NO;
				CLANG_CXX_LANGUAGE_STANDARD = "gnu++0x";
				CLANG_CXX_LIBRARY = "libc++";
				CLANG_ENABLE_MODULES = YES;
				CLANG_ENABLE_OBJC_ARC = YES;
				CLANG_WARN_BOOL_CONVERSION = YES;
				CLANG_WARN_CONSTANT_CONVERSION = YES;
				CLANG_WARN_DIRECT_OBJC_ISA_USAGE = YES_ERROR;
				CLANG_WARN_EMPTY_BODY = YES;
				CLANG_WARN_ENUM_CONVERSION = YES;
				CLANG_WARN_INT_CONVERSION = YES;
				CLANG_WARN_OBJC_ROOT_CLASS = YES_ERROR;
				CLANG_WARN_UNREACHABLE_CODE = YES;
				CLANG_WARN__DUPLICATE_METHOD_MATCH = YES;
				"CODE_SIGN_IDENTITY[sdk=iphoneos*]" = "iPhone Developer";
				COPY_PHASE_STRIP = NO;
				ENABLE_STRICT_OBJC_MSGSEND = YES;
				GCC_C_LANGUAGE_STANDARD = gnu99;
				GCC_DYNAMIC_NO_PIC = NO;
				GCC_OPTIMIZATION_LEVEL = 0;
				GCC_PREPROCESSOR_DEFINITIONS = (
					"DEBUG=1",
					"$(inherited)",
				);
				GCC_SYMBOLS_PRIVATE_EXTERN = NO;
				GCC_WARN_64_TO_32_BIT_CONVERSION = YES;
				GCC_WARN_ABOUT_RETURN_TYPE = YES_ERROR;
				GCC_WARN_UNDECLARED_SELECTOR = YES;
				GCC_WARN_UNINITIALIZED_AUTOS = YES_AGGRESSIVE;
				GCC_WARN_UNUSED_FUNCTION = YES;
				GCC_WARN_UNUSED_VARIABLE = YES;
				IPHONEOS_DEPLOYMENT_TARGET = 8.0;
				METAL_ENABLE_DEBUG_INFO = YES;
				ONLY_ACTIVE_ARCH = YES;
				SDKROOT = iphoneos;
				SWIFT_OPTIMIZATION_LEVEL = "-Onone";
			};
			name = Debug;
		};
		BBE2B57419845C8100827C43 /* Release */ = {
			isa = XCBuildConfiguration;
			buildSettings = {
				ALWAYS_SEARCH_USER_PATHS = NO;
				CLANG_CXX_LANGUAGE_STANDARD = "gnu++0x";
				CLANG_CXX_LIBRARY = "libc++";
				CLANG_ENABLE_MODULES = YES;
				CLANG_ENABLE_OBJC_ARC = YES;
				CLANG_WARN_BOOL_CONVERSION = YES;
				CLANG_WARN_CONSTANT_CONVERSION = YES;
				CLANG_WARN_DIRECT_OBJC_ISA_USAGE = YES_ERROR;
				CLANG_WARN_EMPTY_BODY = YES;
				CLANG_WARN_ENUM_CONVERSION = YES;
				CLANG_WARN_INT_CONVERSION = YES;
				CLANG_WARN_OBJC_ROOT_CLASS = YES_ERROR;
				CLANG_WARN_UNREACHABLE_CODE = YES;
				CLANG_WARN__DUPLICATE_METHOD_MATCH = YES;
				"CODE_SIGN_IDENTITY[sdk=iphoneos*]" = "iPhone Developer";
				COPY_PHASE_STRIP = YES;
				ENABLE_NS_ASSERTIONS = NO;
				ENABLE_STRICT_OBJC_MSGSEND = YES;
				GCC_C_LANGUAGE_STANDARD = gnu99;
				GCC_WARN_64_TO_32_BIT_CONVERSION = YES;
				GCC_WARN_ABOUT_RETURN_TYPE = YES_ERROR;
				GCC_WARN_UNDECLARED_SELECTOR = YES;
				GCC_WARN_UNINITIALIZED_AUTOS = YES_AGGRESSIVE;
				GCC_WARN_UNUSED_FUNCTION = YES;
				GCC_WARN_UNUSED_VARIABLE = YES;
				IPHONEOS_DEPLOYMENT_TARGET = 8.0;
				METAL_ENABLE_DEBUG_INFO = NO;
				SDKROOT = iphoneos;
				VALIDATE_PRODUCT = YES;
			};
			name = Release;
		};
		BBE2B57619845C8100827C43 /* Debug */ = {
			isa = XCBuildConfiguration;
			buildSettings = {
				ASSETCATALOG_COMPILER_APPICON_NAME = AppIcon;
				ASSETCATALOG_COMPILER_LAUNCHIMAGE_NAME = LaunchImage;
				CLANG_ENABLE_MODULES = YES;
				INFOPLIST_FILE = MeditationTimer/Info.plist;
				IPHONEOS_DEPLOYMENT_TARGET = 7.1;
				LD_RUNPATH_SEARCH_PATHS = "$(inherited) @executable_path/Frameworks";
				LIBRARY_SEARCH_PATHS = (
					"$(inherited)",
					/Users/mattbettinson/Downloads/TestFlightSDK3,
				);
				PRODUCT_NAME = Zazn;
				SWIFT_OBJC_BRIDGING_HEADER = "MeditationTimer/MeditationTimer-Bridging-Header.h";
				SWIFT_OPTIMIZATION_LEVEL = "-Onone";
			};
			name = Debug;
		};
		BBE2B57719845C8100827C43 /* Release */ = {
			isa = XCBuildConfiguration;
			buildSettings = {
				ASSETCATALOG_COMPILER_APPICON_NAME = AppIcon;
				ASSETCATALOG_COMPILER_LAUNCHIMAGE_NAME = LaunchImage;
				CLANG_ENABLE_MODULES = YES;
				INFOPLIST_FILE = MeditationTimer/Info.plist;
				IPHONEOS_DEPLOYMENT_TARGET = 7.1;
				LD_RUNPATH_SEARCH_PATHS = "$(inherited) @executable_path/Frameworks";
				LIBRARY_SEARCH_PATHS = (
					"$(inherited)",
					/Users/mattbettinson/Downloads/TestFlightSDK3,
				);
				PRODUCT_NAME = Zazn;
				SWIFT_OBJC_BRIDGING_HEADER = "MeditationTimer/MeditationTimer-Bridging-Header.h";
			};
			name = Release;
		};
		BBE2B57919845C8100827C43 /* Debug */ = {
			isa = XCBuildConfiguration;
			buildSettings = {
				BUNDLE_LOADER = "$(BUILT_PRODUCTS_DIR)/MeditationTimer.app/MeditationTimer";
				FRAMEWORK_SEARCH_PATHS = (
					"$(SDKROOT)/Developer/Library/Frameworks",
					"$(inherited)",
				);
				GCC_PREPROCESSOR_DEFINITIONS = (
					"DEBUG=1",
					"$(inherited)",
				);
				INFOPLIST_FILE = MeditationTimerTests/Info.plist;
				LD_RUNPATH_SEARCH_PATHS = "$(inherited) @executable_path/Frameworks @loader_path/Frameworks";
				METAL_ENABLE_DEBUG_INFO = YES;
				PRODUCT_NAME = ZaznTests;
				TEST_HOST = "$(BUNDLE_LOADER)";
			};
			name = Debug;
		};
		BBE2B57A19845C8100827C43 /* Release */ = {
			isa = XCBuildConfiguration;
			buildSettings = {
				BUNDLE_LOADER = "$(BUILT_PRODUCTS_DIR)/MeditationTimer.app/MeditationTimer";
				FRAMEWORK_SEARCH_PATHS = (
					"$(SDKROOT)/Developer/Library/Frameworks",
					"$(inherited)",
				);
				INFOPLIST_FILE = MeditationTimerTests/Info.plist;
				LD_RUNPATH_SEARCH_PATHS = "$(inherited) @executable_path/Frameworks @loader_path/Frameworks";
				METAL_ENABLE_DEBUG_INFO = NO;
				PRODUCT_NAME = ZaznTests;
				TEST_HOST = "$(BUNDLE_LOADER)";
			};
			name = Release;
		};
/* End XCBuildConfiguration section */

/* Begin XCConfigurationList section */
		BBE2B55419845C8000827C43 /* Build configuration list for PBXProject "Zazn" */ = {
			isa = XCConfigurationList;
			buildConfigurations = (
				BBE2B57319845C8100827C43 /* Debug */,
				BBE2B57419845C8100827C43 /* Release */,
			);
			defaultConfigurationIsVisible = 0;
			defaultConfigurationName = Release;
		};
		BBE2B57519845C8100827C43 /* Build configuration list for PBXNativeTarget "Zazn" */ = {
			isa = XCConfigurationList;
			buildConfigurations = (
				BBE2B57619845C8100827C43 /* Debug */,
				BBE2B57719845C8100827C43 /* Release */,
			);
			defaultConfigurationIsVisible = 0;
			defaultConfigurationName = Release;
		};
		BBE2B57819845C8100827C43 /* Build configuration list for PBXNativeTarget "ZaznTests" */ = {
			isa = XCConfigurationList;
			buildConfigurations = (
				BBE2B57919845C8100827C43 /* Debug */,
				BBE2B57A19845C8100827C43 /* Release */,
			);
			defaultConfigurationIsVisible = 0;
			defaultConfigurationName = Release;
		};
/* End XCConfigurationList section */
	};
	rootObject = BBE2B55119845C8000827C43 /* Project object */;
}
